
Microsoft Visual Studio Solution File, Format Version 12.00
# Visual Studio Version 16
VisualStudioVersion = 16.0.30907.101
MinimumVisualStudioVersion = 10.0.40219.1
Project("{9A19103F-16F7-4668-BE54-9A1E7A4F7556}") = "Space Shooter", "Space Shooter.csproj", "{375BD4B9-4B67-4B0F-8DFE-22F69677FEC7}"
EndProject
Global
	GlobalSection(SolutionConfigurationPlatforms) = preSolution
		Debug|Any CPU = Debug|Any CPU
		Release|Any CPU = Release|Any CPU
	EndGlobalSection
	GlobalSection(ProjectConfigurationPlatforms) = postSolution
		{375BD4B9-4B67-4B0F-8DFE-22F69677FEC7}.Debug|Any CPU.ActiveCfg = Debug|Any CPU
		{375BD4B9-4B67-4B0F-8DFE-22F69677FEC7}.Debug|Any CPU.Build.0 = Debug|Any CPU
		{375BD4B9-4B67-4B0F-8DFE-22F69677FEC7}.Release|Any CPU.ActiveCfg = Release|Any CPU
		{375BD4B9-4B67-4B0F-8DFE-22F69677FEC7}.Release|Any CPU.Build.0 = Release|Any CPU
	EndGlobalSection
	GlobalSection(SolutionProperties) = preSolution
		HideSolutionNode = FALSE
	EndGlobalSection
	GlobalSection(ExtensibilityGlobals) = postSolution
		SolutionGuid = {C010BDE3-F9A3-49B2-9931-D15CDB11E334}
	EndGlobalSection
EndGlobal
